
Microsoft Visual Studio Solution File, Format Version 12.00
# Visual Studio 15
VisualStudioVersion = 15.0.27428.2037
MinimumVisualStudioVersion = 10.0.40219.1
Project("{FAE04EC0-301F-11D3-BF4B-00C04F79EFBC}") = "LodeRunner", "LodeRunner\LodeRunner.csproj", "{F805F036-8149-4AA1-95FE-4CC16DB26E5D}"
EndProject
Project("{FAE04EC0-301F-11D3-BF4B-00C04F79EFBC}") = "LodeRunnerTests", "LodeRunnerTests\LodeRunnerTests.csproj", "{B9E7C377-F3DA-4FD7-87FB-8476A3BDD1B0}"
EndProject
Global
	GlobalSection(SolutionConfigurationPlatforms) = preSolution
		Debug|Any CPU = Debug|Any CPU
		Release|Any CPU = Release|Any CPU
	EndGlobalSection
	GlobalSection(ProjectConfigurationPlatforms) = postSolution
		{F805F036-8149-4AA1-95FE-4CC16DB26E5D}.Debug|Any CPU.ActiveCfg = Debug|Any CPU
		{F805F036-8149-4AA1-95FE-4CC16DB26E5D}.Debug|Any CPU.Build.0 = Debug|Any CPU
		{F805F036-8149-4AA1-95FE-4CC16DB26E5D}.Release|Any CPU.ActiveCfg = Release|Any CPU
		{F805F036-8149-4AA1-95FE-4CC16DB26E5D}.Release|Any CPU.Build.0 = Release|Any CPU
		{B9E7C377-F3DA-4FD7-87FB-8476A3BDD1B0}.Debug|Any CPU.ActiveCfg = Debug|Any CPU
		{B9E7C377-F3DA-4FD7-87FB-8476A3BDD1B0}.Debug|Any CPU.Build.0 = Debug|Any CPU
		{B9E7C377-F3DA-4FD7-87FB-8476A3BDD1B0}.Release|Any CPU.ActiveCfg = Release|Any CPU
		{B9E7C377-F3DA-4FD7-87FB-8476A3BDD1B0}.Release|Any CPU.Build.0 = Release|Any CPU
	EndGlobalSection
	GlobalSection(SolutionProperties) = preSolution
		HideSolutionNode = FALSE
	EndGlobalSection
	GlobalSection(ExtensibilityGlobals) = postSolution
		SolutionGuid = {F63BF90F-D953-4058-B1FC-DC28BFDDAE02}
	EndGlobalSection
EndGlobal
